github.com/BurntSushi/migration v0.0.0-20140125045755-c45b897f1335 h1:n8o916boOorBHMGywZ+ucvUZRLIvjt2CaY/694CgMfU=
github.com/BurntSushi/migration v0.0.0-20140125045755-c45b897f1335/go.mod h1:eVEKGm5N/F2XPdHocE3gP//Ab+rb/54WJ7XXtFGxwaQ=
github.com/IMQS/authaus v1.3.2 h1:QHzu7cBfELgrZM2aWFr/Okq2QXPYieZJNnm0b9adxuY=
github.com/IMQS/authaus v1.3.2/go.mod h1:4q9niDNwjEkscsdTDSvx/+VTNRMl5HEpxoGUlMzrasA=
github.com/IMQS/cli v1.2.0 h1:EiE9quapc4oTqsxTvePXUYItjQqHY1wvYowv9yVwdQ4=
github.com/IMQS/cli v1.2.0/go.mod h1:akJbgr8eL96PMWu+emyhyHXayVXRbhT3j0vADzfQwt0=
github.com/IMQS/gowinsvc v1.2.0 h1:kcz6vm2NxLYpkaDZJ893zmD/ekh/MyZnR2arTnWIXZA=
github.com/IMQS/gowinsvc v1.2.0/go.mod h1:o52o7JAKlJRwJgZD4F8Ld9u835cerQk6gpINGsZHdac=
github.com/IMQS/log v1.4.0 h1:7l0zromSMkMIqNMjeiPwL2BObZkO0X0LfoKWR/CdImE=
github.com/IMQS/log v1.4.0/go.mod h1:EVm4FzOIBh22Ucdy4n01j725B85Z7We3LaRKCVozvy8=
github.com/IMQS/serviceauth v1.3.0 h1:lhy+oAZppvEzlyrpjQ6wDERj29LyOC/twVvZK//vMiQ=
github.com/IMQS/serviceauth v1.3.0/go.mod h1:/TLp5neYrw/RkwztJHCJzdrb/YaW+uM3ao+HCvsW5Ps=
github.com/IMQS/serviceconfigsgo v1.4.0 h1:SDUrElceM+USiahvPjyaOHMMvzs2W9mjaKTX0F/yG2o=
github.com/IMQS/serviceconfigsgo v1.4.0/go.mod h1:XKlWlm9voI4/6XeXhMDd0q5JzZT0pMxU+3JDef9y9u4=
github.com/davecgh/go-spew v1.1.1 h1:vj9j/u1bqnvCEfJOwUhtlOARqs3+rkHYY13jYWTU97c=
github.com/davecgh/go-spew v1.1.1/go.mod h1:J7Y8YcW2NihsgmVo/mv3lAwl/skON4iLHjSsI+c5H38=
github.com/google/go-cmp v0.6.0 h1:ofyhxvXcZhMsU5ulbFiLKl/XBFqE1GSq7atu8tAmTRI=
github.com/google/go-cmp v0.6.0/go.mod h1:17dUlkBOakJ0+DkrSSNjCkIjxS6bF9zb3elmeNGIjoY=
github.com/google/uuid v1.6.0 h1:NIvaJDMOsjHA8n1jAhLSgzrAzy1Hgr+hNrb57e+94F0=
github.com/google/uuid v1.6.0/go.mod h1:TIyPZe4MgqvfeYDBFedMoGGpEw/LqOeaOT+nhxU+yHo=
github.com/lib/pq v1.10.9 h1:YXG7RB+JIjhP29X+OtkiDnYaXQwpS4JEWq7dtCCRUEw=
github.com/lib/pq v1.10.9/go.mod h1:AlVN5x4E4T544tWzH6hKfbfQvm3HdbOxrmggDNAPY9o=
github.com/mavricknz/asn1-ber v0.0.0-20151103223136-b9df1c2f4213 h1:3DongGRjJZvIFDq063tg76LKlGhA7O0TVqoPql0Zfbk=
github.com/mavricknz/asn1-ber v0.0.0-20151103223136-b9df1c2f4213/go.mod h1:v/ZufymxjcI3pnNmQIUQQKxnHLTblrjZ4MNLs5DrZ1o=
github.com/mavricknz/ldap v0.0.0-20160227184754-f5a958005e43 h1:x4SDcUPDTMzuFEdWe5lTznj1echpsd0ApTkZOdwtm7g=
github.com/mavricknz/ldap v0.0.0-20160227184754-f5a958005e43/go.mod h1:z76yvVwVulPd8FyifHe8UEHeud6XXaSan0ibi2sDy6w=
github.com/pmezard/go-difflib v1.0.0 h1:4DBwDE0NGyQoBHbLQYPwSUPoCMWR5BEzIk/f1lZbAQM=
github.com/pmezard/go-difflib v1.0.0/go.mod h1:iKH77koFhYxTK1pcRnkKkqfTogsbg7gZNVY4sRDYZ/4=
github.com/stretchr/testify v1.9.0 h1:HtqpIVDClZ4nwg75+f6Lvsy/wHu+3BoSGCbBAcpTsTg=
github.com/stretchr/testify v1.9.0/go.mod h1:r2ic/lqez/lEtzL7wO/rwa5dbSLXVDPFyf8C91i36aY=
golang.org/x/crypto v0.29.0 h1:L5SG1JTTXupVV3n6sUqMTeWbjAyfPwoda2DLX8J8FrQ=
golang.org/x/crypto v0.29.0/go.mod h1:+F4F4N5hv6v38hfeYwTdx20oUvLLc+QfrE9Ax9HtgRg=
golang.org/x/exp v0.0.0-20241009180824-f66d83c29e7c h1:7dEasQXItcW1xKJ2+gg5VOiBnqWrJc+rq0DPKyvvdbY=
golang.org/x/exp v0.0.0-20241009180824-f66d83c29e7c/go.mod h1:NQtJDoLvd6faHhE7m4T/1IY708gDefGGjR/iUW8yQQ8=
golang.org/x/sys v0.27.0 h1:wBqf8DvsY9Y/2P8gAfPDEYNuS30J4lPHJxXSb/nJZ+s=
golang.org/x/sys v0.27.0/go.mod h1:/VUhepiaJMQUp4+oa/7Zr1D23ma6VTLIYjOOTFZPUcA=
gopkg.in/check.v1 v0.0.0-20161208181325-20d25e280405 h1:yhCVgyC4o1eVCa2tZl7eS0r+SDo693bJlVdllGtEeKM=
gopkg.in/check.v1 v0.0.0-20161208181325-20d25e280405/go.mod h1:Co6ibVJAznAaIkqp8huTwlJQCZ016jof/cbN4VW5Yz0=
gopkg.in/natefinch/lumberjack.v2 v2.2.1 h1:bBRl1b0OH9s/DuPhuXpNl+VtCaJXFZ5/uEFST95x9zc=
gopkg.in/natefinch/lumberjack.v2 v2.2.1/go.mod h1:YD8tP3GAjkrDg1eZH7EGmyESg/lsYskCTPBJVb9jqSc=
gopkg.in/yaml.v3 v3.0.1 h1:fxVm/GzAzEWqLHuvctI91KS9hhNmmWOoWu0XTYJS7CA=
gopkg.in/yaml.v3 v3.0.1/go.mod h1:K4uyk7z7BCEPqu6E+C64Yfv1cQ7kz7rIZviUmN+EgEM=
gotest.tools/v3 v3.5.1 h1:EENdUnS3pdur5nybKYIh2Vfgc8IUNBjxDPSjtiJcOzU=
gotest.tools/v3 v3.5.1/go.mod h1:isy3WKz7GK6uNw/sbHzfKBLvlvXwUyV06n6brMxxopU=
