github.com/BurntSushi/migration v0.0.0-20140125045755-c45b897f1335 h1:n8o916boOorBHMGywZ+ucvUZRLIvjt2CaY/694CgMfU=
github.com/BurntSushi/migration v0.0.0-20140125045755-c45b897f1335/go.mod h1:eVEKGm5N/F2XPdHocE3gP//Ab+rb/54WJ7XXtFGxwaQ=
github.com/BurntSushi/toml v0.3.1/go.mod h1:xHWCNGjB5oqiDr8zfno3MHue2Ht5sIBksp03qcyfWMU=
github.com/IMQS/authaus v1.0.3 h1:V1O2g3xdMHkVVrctaxRaIrfXEVWLVcUiUMmyH5cwlNs=
github.com/IMQS/authaus v1.0.3/go.mod h1:IIjS/1hs6SaW+vaDT0MFl+XvHpAoPLbZMWWtl/zZsqc=
github.com/IMQS/authaus v1.0.6 h1:0vZCpqZKrwJy6h4PxjxWoMG2U3uLI4L01rLmiOCwwX0=
github.com/IMQS/authaus v1.0.6/go.mod h1:Y1P732nWOyKbGVraU6DVR3peoMwsWCjP2gu+yCRsink=
github.com/IMQS/authaus v1.0.10 h1:h8uCagreKMUxhWZEgO0TlFKXdJwso+cFOgVUsGmANI4=
github.com/IMQS/authaus v1.0.10/go.mod h1:Y1P732nWOyKbGVraU6DVR3peoMwsWCjP2gu+yCRsink=
github.com/IMQS/authaus v1.0.13 h1:M7KV7zEHDiUWFlpp5TaGi14XwgGIWtQEuQS17iQAzno=
github.com/IMQS/authaus v1.0.13/go.mod h1:H0hUtcNXoCHwqLxB9yuctcROYkAfEEGjjfMfL5Mwai4=
github.com/IMQS/authaus v1.0.14 h1:dAJIErshQGcUWUNHN6aoDyccp0DTzsaA84OuLGyDbhE=
github.com/IMQS/authaus v1.0.14/go.mod h1:H0hUtcNXoCHwqLxB9yuctcROYkAfEEGjjfMfL5Mwai4=
github.com/IMQS/authaus v1.0.16 h1:AL334WyTd7VGRLum4OwtDM3k0y3kp598Ty8X2Y1pAPM=
github.com/IMQS/authaus v1.0.16/go.mod h1:H0hUtcNXoCHwqLxB9yuctcROYkAfEEGjjfMfL5Mwai4=
github.com/IMQS/cli v0.0.0-20151022082634-156324308096 h1:VffSY+13RAsa1X+AWA7/ftPqMoW76RHL+t4Ys6q43c0=
github.com/IMQS/cli v0.0.0-20151022082634-156324308096/go.mod h1:y2XQLPuROeqlwkjD/fieklY8cTCqFIh5OWNwsgrrwa8=
github.com/IMQS/gowinsvc v0.0.0-20171019081213-88eed8ddfe95 h1:UFPSgk5/RyJWpCTKpuku3lrBCEI8s3ty40Y6TRocgaA=
github.com/IMQS/gowinsvc v0.0.0-20171019081213-88eed8ddfe95/go.mod h1:b69ORxZbSjMy1Jsk8LCZ9JWNo2iIl5VXQVmp3jdKIMY=
github.com/IMQS/log v1.0.1 h1:jye0sZbPQj9psms0dAzZJK3yF3ldCNNVQEX8mEcWuS8=
github.com/IMQS/log v1.0.1/go.mod h1:NTJ+eKRXwfBr8tRKA7/JsTKeTqHluJkuZsD7YotVj48=
github.com/IMQS/log v1.0.2 h1:YanumvdxccSG+hY+v8VZlB3YBRZWg9N6OAulywB8TYs=
github.com/IMQS/log v1.0.2/go.mod h1:NTJ+eKRXwfBr8tRKA7/JsTKeTqHluJkuZsD7YotVj48=
github.com/IMQS/log v1.0.3 h1:Ot2ZnAmmnz+XRWrq6OPPMVWph9j+fmBww703LfO65JQ=
github.com/IMQS/log v1.0.3/go.mod h1:Giehe5M3rRuAPVPskrMUJKmQfbFxjvPB/Ycb8TmqVo8=
github.com/IMQS/serviceauth v1.0.0 h1:eDLkG2ETp1DZNuULa4xIYhBTPGOApqNwJrH64Ld6fPk=
github.com/IMQS/serviceauth v1.0.0/go.mod h1:k9X6RfjZyFzhAaB6fjFuBdbQRkzlAj7Vvv7oUasd2Ec=
github.com/IMQS/serviceauth v1.0.2 h1:Pra+u10zUljKgNc6Fy11PY7EGnEzXdEph5i+0viFSLo=
github.com/IMQS/serviceauth v1.0.2/go.mod h1:yPZpbaIQNwbS2LD9I1k+IDSKBGbp4y179rRyG0DZe1U=
github.com/IMQS/serviceauth v1.0.3 h1:Fn4MnvXHUSykhY56jc8TGcXdkflLMbtwXe9DNm2oMNI=
github.com/IMQS/serviceauth v1.0.3/go.mod h1:yPZpbaIQNwbS2LD9I1k+IDSKBGbp4y179rRyG0DZe1U=
github.com/IMQS/serviceauth v1.0.4 h1:XQqr35JtrV355yKWZKkdNz/Hj5jln5LUbwXUCBrZFsc=
github.com/IMQS/serviceauth v1.0.4/go.mod h1:yPZpbaIQNwbS2LD9I1k+IDSKBGbp4y179rRyG0DZe1U=
github.com/IMQS/serviceconfigsgo v1.0.0 h1:fhxZ9FvcD5yYisiMZuP3coPF0PB5JCAL+1mHm3vYu64=
github.com/IMQS/serviceconfigsgo v1.0.0/go.mod h1:Sal40iFTM7BqULDKrOwKuAV4swyPeCk1jWxx5zMsJsI=
github.com/IMQS/serviceconfigsgo v1.0.3 h1:dYxGGfNWdDxg8P/cUjbJmY8MtqbK6q/8dFLQC0C2dLM=
github.com/IMQS/serviceconfigsgo v1.0.3/go.mod h1:jszIaBr45YlF7p9TjCV86wrhQ742T0IjoEAEiBRhk4Q=
github.com/IMQS/yfws v0.0.0-20180530075311-4b6350056267 h1:PotO5msbyYaTP93QzUcCEIy+YSvrzXEdtm6Qe0WCtis=
github.com/IMQS/yfws v0.0.0-20180530075311-4b6350056267/go.mod h1:JKJ+JDR2uldRQlaopu3GVUwQLLAHFuSXS2IZ370IFRA=
github.com/clbanning/mxj v1.8.4 h1:HuhwZtbyvyOw+3Z1AowPkU87JkJUSv751ELWaiTpj8I=
github.com/clbanning/mxj v1.8.4/go.mod h1:BVjHeAH+rl9rs6f+QIpeRl0tfu10SXn1pUSa5PVGJng=
github.com/google/go-cmp v0.3.1/go.mod h1:8QqcDgzrUqlUb/G2PQTWiueGozuR1884gddMywk6iLU=
github.com/google/uuid v1.1.1 h1:Gkbcsh/GbpXz7lPftLA3P6TYMwjCLYm83jiFQZF/3gY=
github.com/google/uuid v1.1.1/go.mod h1:TIyPZe4MgqvfeYDBFedMoGGpEw/LqOeaOT+nhxU+yHo=
github.com/lib/pq v1.2.0 h1:LXpIM/LZ5xGFhOpXAQUIMM1HdyqzVYM13zNdjCEEcA0=
github.com/lib/pq v1.2.0/go.mod h1:5WUZQaWbwv1U+lTReE5YruASi9Al49XbQIvNi/34Woo=
github.com/mavricknz/asn1-ber v0.0.0-20151103223136-b9df1c2f4213 h1:3DongGRjJZvIFDq063tg76LKlGhA7O0TVqoPql0Zfbk=
github.com/mavricknz/asn1-ber v0.0.0-20151103223136-b9df1c2f4213/go.mod h1:v/ZufymxjcI3pnNmQIUQQKxnHLTblrjZ4MNLs5DrZ1o=
github.com/mavricknz/ldap v0.0.0-20160227184754-f5a958005e43 h1:x4SDcUPDTMzuFEdWe5lTznj1echpsd0ApTkZOdwtm7g=
github.com/mavricknz/ldap v0.0.0-20160227184754-f5a958005e43/go.mod h1:z76yvVwVulPd8FyifHe8UEHeud6XXaSan0ibi2sDy6w=
github.com/natefinch/lumberjack v2.0.0+incompatible h1:4QJd3OLAMgj7ph+yZTuX13Ld4UpgHp07nNdFX7mqFfM=
github.com/natefinch/lumberjack v2.0.0+incompatible/go.mod h1:Wi9p2TTF5DG5oU+6YfsmYQpsTIOm0B1VNzQg9Mw6nPk=
github.com/pkg/errors v0.8.1/go.mod h1:bwawxfHBFNV+L2hUp1rHADufV3IMtnDRdf1r5NINEl0=
golang.org/x/crypto v0.0.0-20190308221718-c2843e01d9a2/go.mod h1:djNgcEr1/C05ACkg1iLfiJU5Ep61QUkGW8qpdssI0+w=
golang.org/x/crypto v0.0.0-20190820162420-60c769a6c586 h1:7KByu05hhLed2MO29w7p1XfZvZ13m8mub3shuVftRs0=
golang.org/x/crypto v0.0.0-20190820162420-60c769a6c586/go.mod h1:yigFU9vqHzYiE8UmvKecakEJjdnWj3jj499lnFckfCI=
golang.org/x/net v0.0.0-20190404232315-eb5bcb51f2a3/go.mod h1:t9HGtf8HONx5eT2rtn7q6eTqICYqUVnKs3thJo3Qplg=
golang.org/x/sys v0.0.0-20190215142949-d0b11bdaac8a/go.mod h1:STP8DvDyc/dI5b8T5hshtkjS+E42TnysNCUPdjciGhY=
golang.org/x/sys v0.0.0-20190412213103-97732733099d/go.mod h1:h1NjWce9XRLGQEsW7wpKNCjG9DtNlClVuFLEZdDNbEs=
golang.org/x/text v0.3.0/go.mod h1:NqM8EUOU14njkJ3fqMW+pc6Ldnwhi/IjpwHt7yyuwOQ=
gopkg.in/check.v1 v0.0.0-20161208181325-20d25e280405/go.mod h1:Co6ibVJAznAaIkqp8huTwlJQCZ016jof/cbN4VW5Yz0=
gopkg.in/natefinch/lumberjack.v2 v2.0.0/go.mod h1:l0ndWWf7gzL7RNwBG7wST/UCcT4T24xpD6X8LsfU/+k=
gopkg.in/yaml.v2 v2.2.8/go.mod h1:hI93XBmqTisBFMUTm0b8Fm+jr3Dg1NNxqwp+5A1VGuI=
gotest.tools v2.2.0+incompatible/go.mod h1:DsYFclhRJ6vuDpmuTbkuFWG+y2sxOXAzmJt81HFBacw=
