github.com/BurntSushi/migration v0.0.0-20140125045755-c45b897f1335 h1:n8o916boOorBHMGywZ+ucvUZRLIvjt2CaY/694CgMfU=
github.com/BurntSushi/migration v0.0.0-20140125045755-c45b897f1335/go.mod h1:eVEKGm5N/F2XPdHocE3gP//Ab+rb/54WJ7XXtFGxwaQ=
github.com/BurntSushi/toml v1.0.0 h1:dtDWrepsVPfW9H/4y7dDgFc2MBUSeJhlaDtK13CxFlU=
github.com/BurntSushi/toml v1.0.0/go.mod h1:CxXYINrC8qIiEnFrOxCa7Jy5BFHlXnUU2pbicEuybxQ=
github.com/IMQS/authaus v1.0.23 h1:pAAZwtrHaV4ti5Wm0IR7YpmvNIXGxfWKGSSTVU4vyHI=
github.com/IMQS/authaus v1.0.23/go.mod h1:gmPLm/Npstoek48/L9Oy3lWQK2HTa3SOaHYbYRbeAo4=
github.com/IMQS/cli v0.0.0-20151022082634-156324308096 h1:VffSY+13RAsa1X+AWA7/ftPqMoW76RHL+t4Ys6q43c0=
github.com/IMQS/cli v0.0.0-20151022082634-156324308096/go.mod h1:y2XQLPuROeqlwkjD/fieklY8cTCqFIh5OWNwsgrrwa8=
github.com/IMQS/gowinsvc v0.0.0-20220601052852-62ce07b0ae0b h1:UoYC6fmg+eG8QgfYiXEvzrAjXzqnvX4rOo50O7CXeZM=
github.com/IMQS/gowinsvc v0.0.0-20220601052852-62ce07b0ae0b/go.mod h1:/J9Vz5JKF3/Mn3bEWVA2FprLbvkLV3WO0FRCakF2v+g=
github.com/IMQS/log v1.0.2/go.mod h1:NTJ+eKRXwfBr8tRKA7/JsTKeTqHluJkuZsD7YotVj48=
github.com/IMQS/log v1.0.3 h1:Ot2ZnAmmnz+XRWrq6OPPMVWph9j+fmBww703LfO65JQ=
github.com/IMQS/log v1.0.3/go.mod h1:Giehe5M3rRuAPVPskrMUJKmQfbFxjvPB/Ycb8TmqVo8=
github.com/IMQS/serviceauth v1.0.4 h1:XQqr35JtrV355yKWZKkdNz/Hj5jln5LUbwXUCBrZFsc=
github.com/IMQS/serviceauth v1.0.4/go.mod h1:yPZpbaIQNwbS2LD9I1k+IDSKBGbp4y179rRyG0DZe1U=
github.com/IMQS/serviceconfigsgo v1.0.0/go.mod h1:Sal40iFTM7BqULDKrOwKuAV4swyPeCk1jWxx5zMsJsI=
github.com/IMQS/serviceconfigsgo v1.0.3 h1:dYxGGfNWdDxg8P/cUjbJmY8MtqbK6q/8dFLQC0C2dLM=
github.com/IMQS/serviceconfigsgo v1.0.3/go.mod h1:jszIaBr45YlF7p9TjCV86wrhQ742T0IjoEAEiBRhk4Q=
github.com/google/go-cmp v0.3.1 h1:Xye71clBPdm5HgqGwUkwhbynsUJZhDbS20FvLhQ2izg=
github.com/google/go-cmp v0.3.1/go.mod h1:8QqcDgzrUqlUb/G2PQTWiueGozuR1884gddMywk6iLU=
github.com/google/uuid v1.1.1 h1:Gkbcsh/GbpXz7lPftLA3P6TYMwjCLYm83jiFQZF/3gY=
github.com/google/uuid v1.1.1/go.mod h1:TIyPZe4MgqvfeYDBFedMoGGpEw/LqOeaOT+nhxU+yHo=
github.com/lib/pq v1.2.0 h1:LXpIM/LZ5xGFhOpXAQUIMM1HdyqzVYM13zNdjCEEcA0=
github.com/lib/pq v1.2.0/go.mod h1:5WUZQaWbwv1U+lTReE5YruASi9Al49XbQIvNi/34Woo=
github.com/mavricknz/asn1-ber v0.0.0-20151103223136-b9df1c2f4213 h1:3DongGRjJZvIFDq063tg76LKlGhA7O0TVqoPql0Zfbk=
github.com/mavricknz/asn1-ber v0.0.0-20151103223136-b9df1c2f4213/go.mod h1:v/ZufymxjcI3pnNmQIUQQKxnHLTblrjZ4MNLs5DrZ1o=
github.com/mavricknz/ldap v0.0.0-20160227184754-f5a958005e43 h1:x4SDcUPDTMzuFEdWe5lTznj1echpsd0ApTkZOdwtm7g=
github.com/mavricknz/ldap v0.0.0-20160227184754-f5a958005e43/go.mod h1:z76yvVwVulPd8FyifHe8UEHeud6XXaSan0ibi2sDy6w=
github.com/natefinch/lumberjack v2.0.0+incompatible h1:4QJd3OLAMgj7ph+yZTuX13Ld4UpgHp07nNdFX7mqFfM=
github.com/natefinch/lumberjack v2.0.0+incompatible/go.mod h1:Wi9p2TTF5DG5oU+6YfsmYQpsTIOm0B1VNzQg9Mw6nPk=
github.com/pkg/errors v0.8.1 h1:iURUrRGxPUNPdy5/HRSm+Yj6okJ6UtLINN0Q9M4+h3I=
github.com/pkg/errors v0.8.1/go.mod h1:bwawxfHBFNV+L2hUp1rHADufV3IMtnDRdf1r5NINEl0=
golang.org/x/crypto v0.0.0-20211215165025-cf75a172585e h1:1SzTfNOXwIS2oWiMF+6qu0OUDKb0dauo6MoDUQyu+yU=
golang.org/x/crypto v0.0.0-20211215165025-cf75a172585e/go.mod h1:P+XmwS30IXTQdn5tA2iutPOUgjI07+tq3H3K9MVA1s8=
golang.org/x/net v0.0.0-20210226172049-e18ecbb05110/go.mod h1:m0MpNAwzfU5UDzcl9v0D8zg8gWTRqZa9RBIspLL5mdg=
golang.org/x/sys v0.0.0-20201119102817-f84b799fce68/go.mod h1:h1NjWce9XRLGQEsW7wpKNCjG9DtNlClVuFLEZdDNbEs=
golang.org/x/sys v0.0.0-20211111213525-f221eed1c01e h1:zeJt6jBtVDK23XK9QXcmG0FvO0elikp0dYZQZOeL1y0=
golang.org/x/sys v0.0.0-20211111213525-f221eed1c01e/go.mod h1:oPkhp1MJrh7nUepCBck5+mAzfO9JrbApNNgaTdGDITg=
golang.org/x/term v0.0.0-20201126162022-7de9c90e9dd1/go.mod h1:bj7SfCRtBDWHUb9snDiAeCFNEtKQo2Wmx5Cou7ajbmo=
golang.org/x/text v0.3.3/go.mod h1:5Zoc/QRtKVWzQhOtBMvqHzDpF6irO9z98xDceosuGiQ=
golang.org/x/tools v0.0.0-20180917221912-90fa682c2a6e/go.mod h1:n7NCudcB/nEzxVGmLbDWY5pfWTLqBcC2KZ6jyYvM4mQ=
gopkg.in/check.v1 v0.0.0-20161208181325-20d25e280405/go.mod h1:Co6ibVJAznAaIkqp8huTwlJQCZ016jof/cbN4VW5Yz0=
gopkg.in/natefinch/lumberjack.v2 v2.0.0 h1:1Lc07Kr7qY4U2YPouBjpCLxpiyxIVoxqXgkXLknAOE8=
gopkg.in/natefinch/lumberjack.v2 v2.0.0/go.mod h1:l0ndWWf7gzL7RNwBG7wST/UCcT4T24xpD6X8LsfU/+k=
gopkg.in/yaml.v2 v2.4.0 h1:D8xgwECY7CYvx+Y2n4sBz93Jn9JRvxdiyyo8CTfuKaY=
gopkg.in/yaml.v2 v2.4.0/go.mod h1:RDklbk79AGWmwhnvt/jBztapEOGDOx6ZbXqjP6csGnQ=
gotest.tools v2.2.0+incompatible h1:VsBPFP1AI068pPrMxtb/S8Zkgf9xEmTLJjfM+P5UIEo=
gotest.tools v2.2.0+incompatible/go.mod h1:DsYFclhRJ6vuDpmuTbkuFWG+y2sxOXAzmJt81HFBacw=
